
Microsoft Visual Studio Solution File, Format Version 12.00
# Visual Studio Version 17
VisualStudioVersion = 17.11.35312.102
MinimumVisualStudioVersion = 10.0.40219.1
Project("{8BC9CEB8-8B4A-11D0-8D11-00A0C91BC942}") = "University project 5", "University project 5.vcxproj", "{2BEF54B2-3375-4840-92BE-8E0C5567A9A2}"
EndProject
Global
	GlobalSection(SolutionConfigurationPlatforms) = preSolution
		Debug|x64 = Debug|x64
		Debug|x86 = Debug|x86
		Release|x64 = Release|x64
		Release|x86 = Release|x86
	EndGlobalSection
	GlobalSection(ProjectConfigurationPlatforms) = postSolution
		{2BEF54B2-3375-4840-92BE-8E0C5567A9A2}.Debug|x64.ActiveCfg = Debug|x64
		{2BEF54B2-3375-4840-92BE-8E0C5567A9A2}.Debug|x64.Build.0 = Debug|x64
		{2BEF54B2-3375-4840-92BE-8E0C5567A9A2}.Debug|x86.ActiveCfg = Debug|Win32
		{2BEF54B2-3375-4840-92BE-8E0C5567A9A2}.Debug|x86.Build.0 = Debug|Win32
		{2BEF54B2-3375-4840-92BE-8E0C5567A9A2}.Release|x64.ActiveCfg = Release|x64
		{2BEF54B2-3375-4840-92BE-8E0C5567A9A2}.Release|x64.Build.0 = Release|x64
		{2BEF54B2-3375-4840-92BE-8E0C5567A9A2}.Release|x86.ActiveCfg = Release|Win32
		{2BEF54B2-3375-4840-92BE-8E0C5567A9A2}.Release|x86.Build.0 = Release|Win32
	EndGlobalSection
	GlobalSection(SolutionProperties) = preSolution
		HideSolutionNode = FALSE
	EndGlobalSection
	GlobalSection(ExtensibilityGlobals) = postSolution
		SolutionGuid = {6A1D5111-384E-4020-BC19-08381083DD1D}
	EndGlobalSection
EndGlobal
